
Microsoft Visual Studio Solution File, Format Version 12.00
# Visual Studio Version 16
VisualStudioVersion = 16.0.32228.343
MinimumVisualStudioVersion = 10.0.40219.1
Project("{FAE04EC0-301F-11D3-BF4B-00C04F79EFBC}") = "lab3functii", "lab3\lab3functii.csproj", "{93213044-6150-430A-82E0-B74D7A106C0A}"
EndProject
Project("{FAE04EC0-301F-11D3-BF4B-00C04F79EFBC}") = "vectoriLab3", "vectoriLab3\vectoriLab3.csproj", "{0C473243-095A-4E1C-9275-3EE658411BFB}"
EndProject
Project("{FAE04EC0-301F-11D3-BF4B-00C04F79EFBC}") = "lab3ex2", "lab3ex2\lab3ex2.csproj", "{250AFFB1-94BE-49AC-BB0F-69D2E8D0BE4D}"
EndProject
Project("{FAE04EC0-301F-11D3-BF4B-00C04F79EFBC}") = "lab3ex3", "lab3ex3\lab3ex3.csproj", "{4BD00339-724C-480F-B031-E4272B6C0AAA}"
EndProject
Project("{FAE04EC0-301F-11D3-BF4B-00C04F79EFBC}") = "labb3ex4", "labb3ex4\labb3ex4.csproj", "{A6D397CE-BEBB-40EA-ACC7-728784B01714}"
EndProject
Project("{FAE04EC0-301F-11D3-BF4B-00C04F79EFBC}") = "lab3ex1", "lab3ex1\lab3ex1.csproj", "{9C744B03-272E-4333-B117-3F0A7542072F}"
EndProject
Global
	GlobalSection(SolutionConfigurationPlatforms) = preSolution
		Debug|Any CPU = Debug|Any CPU
		Release|Any CPU = Release|Any CPU
	EndGlobalSection
	GlobalSection(ProjectConfigurationPlatforms) = postSolution
		{93213044-6150-430A-82E0-B74D7A106C0A}.Debug|Any CPU.ActiveCfg = Debug|Any CPU
		{93213044-6150-430A-82E0-B74D7A106C0A}.Debug|Any CPU.Build.0 = Debug|Any CPU
		{93213044-6150-430A-82E0-B74D7A106C0A}.Release|Any CPU.ActiveCfg = Release|Any CPU
		{93213044-6150-430A-82E0-B74D7A106C0A}.Release|Any CPU.Build.0 = Release|Any CPU
		{0C473243-095A-4E1C-9275-3EE658411BFB}.Debug|Any CPU.ActiveCfg = Debug|Any CPU
		{0C473243-095A-4E1C-9275-3EE658411BFB}.Debug|Any CPU.Build.0 = Debug|Any CPU
		{0C473243-095A-4E1C-9275-3EE658411BFB}.Release|Any CPU.ActiveCfg = Release|Any CPU
		{0C473243-095A-4E1C-9275-3EE658411BFB}.Release|Any CPU.Build.0 = Release|Any CPU
		{250AFFB1-94BE-49AC-BB0F-69D2E8D0BE4D}.Debug|Any CPU.ActiveCfg = Debug|Any CPU
		{250AFFB1-94BE-49AC-BB0F-69D2E8D0BE4D}.Debug|Any CPU.Build.0 = Debug|Any CPU
		{250AFFB1-94BE-49AC-BB0F-69D2E8D0BE4D}.Release|Any CPU.ActiveCfg = Release|Any CPU
		{250AFFB1-94BE-49AC-BB0F-69D2E8D0BE4D}.Release|Any CPU.Build.0 = Release|Any CPU
		{4BD00339-724C-480F-B031-E4272B6C0AAA}.Debug|Any CPU.ActiveCfg = Debug|Any CPU
		{4BD00339-724C-480F-B031-E4272B6C0AAA}.Debug|Any CPU.Build.0 = Debug|Any CPU
		{4BD00339-724C-480F-B031-E4272B6C0AAA}.Release|Any CPU.ActiveCfg = Release|Any CPU
		{4BD00339-724C-480F-B031-E4272B6C0AAA}.Release|Any CPU.Build.0 = Release|Any CPU
		{A6D397CE-BEBB-40EA-ACC7-728784B01714}.Debug|Any CPU.ActiveCfg = Debug|Any CPU
		{A6D397CE-BEBB-40EA-ACC7-728784B01714}.Debug|Any CPU.Build.0 = Debug|Any CPU
		{A6D397CE-BEBB-40EA-ACC7-728784B01714}.Release|Any CPU.ActiveCfg = Release|Any CPU
		{A6D397CE-BEBB-40EA-ACC7-728784B01714}.Release|Any CPU.Build.0 = Release|Any CPU
		{9C744B03-272E-4333-B117-3F0A7542072F}.Debug|Any CPU.ActiveCfg = Debug|Any CPU
		{9C744B03-272E-4333-B117-3F0A7542072F}.Debug|Any CPU.Build.0 = Debug|Any CPU
		{9C744B03-272E-4333-B117-3F0A7542072F}.Release|Any CPU.ActiveCfg = Release|Any CPU
		{9C744B03-272E-4333-B117-3F0A7542072F}.Release|Any CPU.Build.0 = Release|Any CPU
	EndGlobalSection
	GlobalSection(SolutionProperties) = preSolution
		HideSolutionNode = FALSE
	EndGlobalSection
	GlobalSection(ExtensibilityGlobals) = postSolution
		SolutionGuid = {E2A2973B-F491-41F5-81C0-0906074615D7}
	EndGlobalSection
EndGlobal
